
Microsoft Visual Studio Solution File, Format Version 12.00
# Visual Studio 2015
Project("{FAE04EC0-301F-11D3-BF4B-00C04F79EFBC}") = "GraspingStudy.CSharp.Plugins", "GraspingStudy.CSharp.Plugins.csproj", "{9426238B-FF27-95D7-F988-46EDE5F5A196}"
EndProject
Project("{FAE04EC0-301F-11D3-BF4B-00C04F79EFBC}") = "GraspingStudy.CSharp", "GraspingStudy.CSharp.csproj", "{F6167637-D3EB-704C-8BA6-2F97523611E2}"
EndProject
Project("{FAE04EC0-301F-11D3-BF4B-00C04F79EFBC}") = "GraspingStudy.CSharp.Editor", "GraspingStudy.CSharp.Editor.csproj", "{4FD1CB85-7C06-A5D3-4A26-35AFD5CC1FF4}"
EndProject
Global
	GlobalSection(SolutionConfigurationPlatforms) = preSolution
		Debug|Any CPU = Debug|Any CPU
		Release|Any CPU = Release|Any CPU
	EndGlobalSection
	GlobalSection(ProjectConfigurationPlatforms) = postSolution
		{9426238B-FF27-95D7-F988-46EDE5F5A196}.Debug|Any CPU.ActiveCfg = Debug|Any CPU
		{9426238B-FF27-95D7-F988-46EDE5F5A196}.Debug|Any CPU.Build.0 = Debug|Any CPU
		{9426238B-FF27-95D7-F988-46EDE5F5A196}.Release|Any CPU.ActiveCfg = Release|Any CPU
		{9426238B-FF27-95D7-F988-46EDE5F5A196}.Release|Any CPU.Build.0 = Release|Any CPU
		{F6167637-D3EB-704C-8BA6-2F97523611E2}.Debug|Any CPU.ActiveCfg = Debug|Any CPU
		{F6167637-D3EB-704C-8BA6-2F97523611E2}.Debug|Any CPU.Build.0 = Debug|Any CPU
		{F6167637-D3EB-704C-8BA6-2F97523611E2}.Release|Any CPU.ActiveCfg = Release|Any CPU
		{F6167637-D3EB-704C-8BA6-2F97523611E2}.Release|Any CPU.Build.0 = Release|Any CPU
		{4FD1CB85-7C06-A5D3-4A26-35AFD5CC1FF4}.Debug|Any CPU.ActiveCfg = Debug|Any CPU
		{4FD1CB85-7C06-A5D3-4A26-35AFD5CC1FF4}.Debug|Any CPU.Build.0 = Debug|Any CPU
		{4FD1CB85-7C06-A5D3-4A26-35AFD5CC1FF4}.Release|Any CPU.ActiveCfg = Release|Any CPU
		{4FD1CB85-7C06-A5D3-4A26-35AFD5CC1FF4}.Release|Any CPU.Build.0 = Release|Any CPU
	EndGlobalSection
	GlobalSection(SolutionProperties) = preSolution
		HideSolutionNode = FALSE
	EndGlobalSection
EndGlobal
